
Microsoft Visual Studio Solution File, Format Version 12.00
# Visual Studio Version 16
VisualStudioVersion = 16.0.32901.82
MinimumVisualStudioVersion = 10.0.40219.1
Project("{FAE04EC0-301F-11D3-BF4B-00C04F79EFBC}") = "Project_Sem3", "Project_Sem3.csproj", "{D044DD33-74D4-4F30-B11D-09575DE836BA}"
EndProject
Global
	GlobalSection(SolutionConfigurationPlatforms) = preSolution
		Debug|Any CPU = Debug|Any CPU
		Release|Any CPU = Release|Any CPU
	EndGlobalSection
	GlobalSection(ProjectConfigurationPlatforms) = postSolution
		{D044DD33-74D4-4F30-B11D-09575DE836BA}.Debug|Any CPU.ActiveCfg = Debug|Any CPU
		{D044DD33-74D4-4F30-B11D-09575DE836BA}.Debug|Any CPU.Build.0 = Debug|Any CPU
		{D044DD33-74D4-4F30-B11D-09575DE836BA}.Release|Any CPU.ActiveCfg = Release|Any CPU
		{D044DD33-74D4-4F30-B11D-09575DE836BA}.Release|Any CPU.Build.0 = Release|Any CPU
	EndGlobalSection
	GlobalSection(SolutionProperties) = preSolution
		HideSolutionNode = FALSE
	EndGlobalSection
	GlobalSection(ExtensibilityGlobals) = postSolution
		SolutionGuid = {A9ABF207-F309-418B-9778-54949A7F7967}
	EndGlobalSection
EndGlobal
